
Microsoft Visual Studio Solution File, Format Version 12.00
# Visual Studio 2013
VisualStudioVersion = 12.0.31101.0
MinimumVisualStudioVersion = 10.0.40219.1
Project("{FAE04EC0-301F-11D3-BF4B-00C04F79EFBC}") = "PicSo", "PicSo\PicSo.csproj", "{1A9F40ED-0402-4145-9140-0C153B989983}"
EndProject
Project("{FAE04EC0-301F-11D3-BF4B-00C04F79EFBC}") = "AVSORTER", "Entity\AVSORTER.csproj", "{21D25A8A-680F-4C0A-815B-AE394905A64A}"
EndProject
Project("{FAE04EC0-301F-11D3-BF4B-00C04F79EFBC}") = "ASYC", "ASYC\ASYC.csproj", "{4EAD9001-7E4B-4639-A3A4-C5DF4A09A943}"
EndProject
Project("{FAE04EC0-301F-11D3-BF4B-00C04F79EFBC}") = "Gets", "Arzon\Gets.csproj", "{9262F4C4-2D81-41AB-A444-57D3A21CEA9B}"
EndProject
Project("{FAE04EC0-301F-11D3-BF4B-00C04F79EFBC}") = "ConsoleApplication1", "ConsoleApplication1\ConsoleApplication1.csproj", "{EE0B273A-A39E-49C9-B7A2-0BB742A5DFCE}"
EndProject
Global
	GlobalSection(SolutionConfigurationPlatforms) = preSolution
		Debug|Any CPU = Debug|Any CPU
		Debug|Mixed Platforms = Debug|Mixed Platforms
		Debug|x86 = Debug|x86
		Release|Any CPU = Release|Any CPU
		Release|Mixed Platforms = Release|Mixed Platforms
		Release|x86 = Release|x86
	EndGlobalSection
	GlobalSection(ProjectConfigurationPlatforms) = postSolution
		{1A9F40ED-0402-4145-9140-0C153B989983}.Debug|Any CPU.ActiveCfg = Debug|x86
		{1A9F40ED-0402-4145-9140-0C153B989983}.Debug|Mixed Platforms.ActiveCfg = Debug|x86
		{1A9F40ED-0402-4145-9140-0C153B989983}.Debug|Mixed Platforms.Build.0 = Debug|x86
		{1A9F40ED-0402-4145-9140-0C153B989983}.Debug|x86.ActiveCfg = Debug|x86
		{1A9F40ED-0402-4145-9140-0C153B989983}.Debug|x86.Build.0 = Debug|x86
		{1A9F40ED-0402-4145-9140-0C153B989983}.Release|Any CPU.ActiveCfg = Release|x86
		{1A9F40ED-0402-4145-9140-0C153B989983}.Release|Mixed Platforms.ActiveCfg = Release|x86
		{1A9F40ED-0402-4145-9140-0C153B989983}.Release|Mixed Platforms.Build.0 = Release|x86
		{1A9F40ED-0402-4145-9140-0C153B989983}.Release|x86.ActiveCfg = Release|x86
		{1A9F40ED-0402-4145-9140-0C153B989983}.Release|x86.Build.0 = Release|x86
		{21D25A8A-680F-4C0A-815B-AE394905A64A}.Debug|Any CPU.ActiveCfg = Debug|Any CPU
		{21D25A8A-680F-4C0A-815B-AE394905A64A}.Debug|Any CPU.Build.0 = Debug|Any CPU
		{21D25A8A-680F-4C0A-815B-AE394905A64A}.Debug|Mixed Platforms.ActiveCfg = Debug|Any CPU
		{21D25A8A-680F-4C0A-815B-AE394905A64A}.Debug|Mixed Platforms.Build.0 = Debug|Any CPU
		{21D25A8A-680F-4C0A-815B-AE394905A64A}.Debug|x86.ActiveCfg = Debug|Any CPU
		{21D25A8A-680F-4C0A-815B-AE394905A64A}.Release|Any CPU.ActiveCfg = Release|Any CPU
		{21D25A8A-680F-4C0A-815B-AE394905A64A}.Release|Any CPU.Build.0 = Release|Any CPU
		{21D25A8A-680F-4C0A-815B-AE394905A64A}.Release|Mixed Platforms.ActiveCfg = Release|Any CPU
		{21D25A8A-680F-4C0A-815B-AE394905A64A}.Release|Mixed Platforms.Build.0 = Release|Any CPU
		{21D25A8A-680F-4C0A-815B-AE394905A64A}.Release|x86.ActiveCfg = Release|Any CPU
		{4EAD9001-7E4B-4639-A3A4-C5DF4A09A943}.Debug|Any CPU.ActiveCfg = Debug|Any CPU
		{4EAD9001-7E4B-4639-A3A4-C5DF4A09A943}.Debug|Any CPU.Build.0 = Debug|Any CPU
		{4EAD9001-7E4B-4639-A3A4-C5DF4A09A943}.Debug|Mixed Platforms.ActiveCfg = Debug|Any CPU
		{4EAD9001-7E4B-4639-A3A4-C5DF4A09A943}.Debug|Mixed Platforms.Build.0 = Debug|Any CPU
		{4EAD9001-7E4B-4639-A3A4-C5DF4A09A943}.Debug|x86.ActiveCfg = Debug|Any CPU
		{4EAD9001-7E4B-4639-A3A4-C5DF4A09A943}.Release|Any CPU.ActiveCfg = Release|Any CPU
		{4EAD9001-7E4B-4639-A3A4-C5DF4A09A943}.Release|Any CPU.Build.0 = Release|Any CPU
		{4EAD9001-7E4B-4639-A3A4-C5DF4A09A943}.Release|Mixed Platforms.ActiveCfg = Release|Any CPU
		{4EAD9001-7E4B-4639-A3A4-C5DF4A09A943}.Release|Mixed Platforms.Build.0 = Release|Any CPU
		{4EAD9001-7E4B-4639-A3A4-C5DF4A09A943}.Release|x86.ActiveCfg = Release|Any CPU
		{9262F4C4-2D81-41AB-A444-57D3A21CEA9B}.Debug|Any CPU.ActiveCfg = Debug|Any CPU
		{9262F4C4-2D81-41AB-A444-57D3A21CEA9B}.Debug|Any CPU.Build.0 = Debug|Any CPU
		{9262F4C4-2D81-41AB-A444-57D3A21CEA9B}.Debug|Mixed Platforms.ActiveCfg = Debug|Any CPU
		{9262F4C4-2D81-41AB-A444-57D3A21CEA9B}.Debug|Mixed Platforms.Build.0 = Debug|Any CPU
		{9262F4C4-2D81-41AB-A444-57D3A21CEA9B}.Debug|x86.ActiveCfg = Debug|Any CPU
		{9262F4C4-2D81-41AB-A444-57D3A21CEA9B}.Release|Any CPU.ActiveCfg = Release|Any CPU
		{9262F4C4-2D81-41AB-A444-57D3A21CEA9B}.Release|Any CPU.Build.0 = Release|Any CPU
		{9262F4C4-2D81-41AB-A444-57D3A21CEA9B}.Release|Mixed Platforms.ActiveCfg = Release|Any CPU
		{9262F4C4-2D81-41AB-A444-57D3A21CEA9B}.Release|Mixed Platforms.Build.0 = Release|Any CPU
		{9262F4C4-2D81-41AB-A444-57D3A21CEA9B}.Release|x86.ActiveCfg = Release|Any CPU
		{EE0B273A-A39E-49C9-B7A2-0BB742A5DFCE}.Debug|Any CPU.ActiveCfg = Debug|Any CPU
		{EE0B273A-A39E-49C9-B7A2-0BB742A5DFCE}.Debug|Any CPU.Build.0 = Debug|Any CPU
		{EE0B273A-A39E-49C9-B7A2-0BB742A5DFCE}.Debug|Mixed Platforms.ActiveCfg = Debug|Any CPU
		{EE0B273A-A39E-49C9-B7A2-0BB742A5DFCE}.Debug|Mixed Platforms.Build.0 = Debug|Any CPU
		{EE0B273A-A39E-49C9-B7A2-0BB742A5DFCE}.Debug|x86.ActiveCfg = Debug|Any CPU
		{EE0B273A-A39E-49C9-B7A2-0BB742A5DFCE}.Release|Any CPU.ActiveCfg = Release|Any CPU
		{EE0B273A-A39E-49C9-B7A2-0BB742A5DFCE}.Release|Any CPU.Build.0 = Release|Any CPU
		{EE0B273A-A39E-49C9-B7A2-0BB742A5DFCE}.Release|Mixed Platforms.ActiveCfg = Release|Any CPU
		{EE0B273A-A39E-49C9-B7A2-0BB742A5DFCE}.Release|Mixed Platforms.Build.0 = Release|Any CPU
		{EE0B273A-A39E-49C9-B7A2-0BB742A5DFCE}.Release|x86.ActiveCfg = Release|Any CPU
	EndGlobalSection
	GlobalSection(SolutionProperties) = preSolution
		HideSolutionNode = FALSE
	EndGlobalSection
EndGlobal
